
Microsoft Visual Studio Solution File, Format Version 12.00
# Visual Studio 15
VisualStudioVersion = 15.0.28307.271
MinimumVisualStudioVersion = 10.0.40219.1
Project("{FAE04EC0-301F-11D3-BF4B-00C04F79EFBC}") = "helloxamarin.Android", "helloxamarin\helloxamarin.Android\helloxamarin.Android.csproj", "{F71F1759-A4C7-42C7-BDA3-B2202143B66C}"
EndProject
Project("{FAE04EC0-301F-11D3-BF4B-00C04F79EFBC}") = "helloxamarin.iOS", "helloxamarin\helloxamarin.iOS\helloxamarin.iOS.csproj", "{0C9F56E7-CBAB-4291-9445-D8F473BD4C75}"
EndProject
Project("{FAE04EC0-301F-11D3-BF4B-00C04F79EFBC}") = "helloxamarin.UWP", "helloxamarin\helloxamarin.UWP\helloxamarin.UWP.csproj", "{C655BECC-E692-4FBC-9802-1E21DBEC8E6B}"
EndProject
Project("{D954291E-2A0B-460D-934E-DC6B0785DB48}") = "helloxamarin", "helloxamarin\helloxamarin\helloxamarin.shproj", "{3A67D974-EA59-4D7F-9992-C59DBF4FF25B}"
EndProject
Global
	GlobalSection(SharedMSBuildProjectFiles) = preSolution
		helloxamarin\helloxamarin\helloxamarin.projitems*{0c9f56e7-cbab-4291-9445-d8f473bd4c75}*SharedItemsImports = 4
		helloxamarin\helloxamarin\helloxamarin.projitems*{3a67d974-ea59-4d7f-9992-c59dbf4ff25b}*SharedItemsImports = 13
		helloxamarin\helloxamarin\helloxamarin.projitems*{c655becc-e692-4fbc-9802-1e21dbec8e6b}*SharedItemsImports = 4
		helloxamarin\helloxamarin\helloxamarin.projitems*{f71f1759-a4c7-42c7-bda3-b2202143b66c}*SharedItemsImports = 4
	EndGlobalSection
	GlobalSection(SolutionConfigurationPlatforms) = preSolution
		Ad-Hoc|Any CPU = Ad-Hoc|Any CPU
		Ad-Hoc|ARM = Ad-Hoc|ARM
		Ad-Hoc|iPhone = Ad-Hoc|iPhone
		Ad-Hoc|iPhoneSimulator = Ad-Hoc|iPhoneSimulator
		Ad-Hoc|x64 = Ad-Hoc|x64
		Ad-Hoc|x86 = Ad-Hoc|x86
		AppStore|Any CPU = AppStore|Any CPU
		AppStore|ARM = AppStore|ARM
		AppStore|iPhone = AppStore|iPhone
		AppStore|iPhoneSimulator = AppStore|iPhoneSimulator
		AppStore|x64 = AppStore|x64
		AppStore|x86 = AppStore|x86
		Debug|Any CPU = Debug|Any CPU
		Debug|ARM = Debug|ARM
		Debug|iPhone = Debug|iPhone
		Debug|iPhoneSimulator = Debug|iPhoneSimulator
		Debug|x64 = Debug|x64
		Debug|x86 = Debug|x86
		Release|Any CPU = Release|Any CPU
		Release|ARM = Release|ARM
		Release|iPhone = Release|iPhone
		Release|iPhoneSimulator = Release|iPhoneSimulator
		Release|x64 = Release|x64
		Release|x86 = Release|x86
	EndGlobalSection
	GlobalSection(ProjectConfigurationPlatforms) = postSolution
		{F71F1759-A4C7-42C7-BDA3-B2202143B66C}.Ad-Hoc|Any CPU.ActiveCfg = Release|Any CPU
		{F71F1759-A4C7-42C7-BDA3-B2202143B66C}.Ad-Hoc|Any CPU.Build.0 = Release|Any CPU
		{F71F1759-A4C7-42C7-BDA3-B2202143B66C}.Ad-Hoc|Any CPU.Deploy.0 = Release|Any CPU
		{F71F1759-A4C7-42C7-BDA3-B2202143B66C}.Ad-Hoc|ARM.ActiveCfg = Release|Any CPU
		{F71F1759-A4C7-42C7-BDA3-B2202143B66C}.Ad-Hoc|ARM.Build.0 = Release|Any CPU
		{F71F1759-A4C7-42C7-BDA3-B2202143B66C}.Ad-Hoc|ARM.Deploy.0 = Release|Any CPU
		{F71F1759-A4C7-42C7-BDA3-B2202143B66C}.Ad-Hoc|iPhone.ActiveCfg = Release|Any CPU
		{F71F1759-A4C7-42C7-BDA3-B2202143B66C}.Ad-Hoc|iPhone.Build.0 = Release|Any CPU
		{F71F1759-A4C7-42C7-BDA3-B2202143B66C}.Ad-Hoc|iPhone.Deploy.0 = Release|Any CPU
		{F71F1759-A4C7-42C7-BDA3-B2202143B66C}.Ad-Hoc|iPhoneSimulator.ActiveCfg = Release|Any CPU
		{F71F1759-A4C7-42C7-BDA3-B2202143B66C}.Ad-Hoc|iPhoneSimulator.Build.0 = Release|Any CPU
		{F71F1759-A4C7-42C7-BDA3-B2202143B66C}.Ad-Hoc|iPhoneSimulator.Deploy.0 = Release|Any CPU
		{F71F1759-A4C7-42C7-BDA3-B2202143B66C}.Ad-Hoc|x64.ActiveCfg = Release|Any CPU
		{F71F1759-A4C7-42C7-BDA3-B2202143B66C}.Ad-Hoc|x64.Build.0 = Release|Any CPU
		{F71F1759-A4C7-42C7-BDA3-B2202143B66C}.Ad-Hoc|x64.Deploy.0 = Release|Any CPU
		{F71F1759-A4C7-42C7-BDA3-B2202143B66C}.Ad-Hoc|x86.ActiveCfg = Release|Any CPU
		{F71F1759-A4C7-42C7-BDA3-B2202143B66C}.Ad-Hoc|x86.Build.0 = Release|Any CPU
		{F71F1759-A4C7-42C7-BDA3-B2202143B66C}.Ad-Hoc|x86.Deploy.0 = Release|Any CPU
		{F71F1759-A4C7-42C7-BDA3-B2202143B66C}.AppStore|Any CPU.ActiveCfg = Release|Any CPU
		{F71F1759-A4C7-42C7-BDA3-B2202143B66C}.AppStore|Any CPU.Build.0 = Release|Any CPU
		{F71F1759-A4C7-42C7-BDA3-B2202143B66C}.AppStore|Any CPU.Deploy.0 = Release|Any CPU
		{F71F1759-A4C7-42C7-BDA3-B2202143B66C}.AppStore|ARM.ActiveCfg = Release|Any CPU
		{F71F1759-A4C7-42C7-BDA3-B2202143B66C}.AppStore|ARM.Build.0 = Release|Any CPU
		{F71F1759-A4C7-42C7-BDA3-B2202143B66C}.AppStore|ARM.Deploy.0 = Release|Any CPU
		{F71F1759-A4C7-42C7-BDA3-B2202143B66C}.AppStore|iPhone.ActiveCfg = Release|Any CPU
		{F71F1759-A4C7-42C7-BDA3-B2202143B66C}.AppStore|iPhone.Build.0 = Release|Any CPU
		{F71F1759-A4C7-42C7-BDA3-B2202143B66C}.AppStore|iPhone.Deploy.0 = Release|Any CPU
		{F71F1759-A4C7-42C7-BDA3-B2202143B66C}.AppStore|iPhoneSimulator.ActiveCfg = Release|Any CPU
		{F71F1759-A4C7-42C7-BDA3-B2202143B66C}.AppStore|iPhoneSimulator.Build.0 = Release|Any CPU
		{F71F1759-A4C7-42C7-BDA3-B2202143B66C}.AppStore|iPhoneSimulator.Deploy.0 = Release|Any CPU
		{F71F1759-A4C7-42C7-BDA3-B2202143B66C}.AppStore|x64.ActiveCfg = Release|Any CPU
		{F71F1759-A4C7-42C7-BDA3-B2202143B66C}.AppStore|x64.Build.0 = Release|Any CPU
		{F71F1759-A4C7-42C7-BDA3-B2202143B66C}.AppStore|x64.Deploy.0 = Release|Any CPU
		{F71F1759-A4C7-42C7-BDA3-B2202143B66C}.AppStore|x86.ActiveCfg = Release|Any CPU
		{F71F1759-A4C7-42C7-BDA3-B2202143B66C}.AppStore|x86.Build.0 = Release|Any CPU
		{F71F1759-A4C7-42C7-BDA3-B2202143B66C}.AppStore|x86.Deploy.0 = Release|Any CPU
		{F71F1759-A4C7-42C7-BDA3-B2202143B66C}.Debug|Any CPU.ActiveCfg = Debug|Any CPU
		{F71F1759-A4C7-42C7-BDA3-B2202143B66C}.Debug|Any CPU.Build.0 = Debug|Any CPU
		{F71F1759-A4C7-42C7-BDA3-B2202143B66C}.Debug|Any CPU.Deploy.0 = Debug|Any CPU
		{F71F1759-A4C7-42C7-BDA3-B2202143B66C}.Debug|ARM.ActiveCfg = Debug|Any CPU
		{F71F1759-A4C7-42C7-BDA3-B2202143B66C}.Debug|ARM.Build.0 = Debug|Any CPU
		{F71F1759-A4C7-42C7-BDA3-B2202143B66C}.Debug|ARM.Deploy.0 = Debug|Any CPU
		{F71F1759-A4C7-42C7-BDA3-B2202143B66C}.Debug|iPhone.ActiveCfg = Debug|Any CPU
		{F71F1759-A4C7-42C7-BDA3-B2202143B66C}.Debug|iPhone.Build.0 = Debug|Any CPU
		{F71F1759-A4C7-42C7-BDA3-B2202143B66C}.Debug|iPhone.Deploy.0 = Debug|Any CPU
		{F71F1759-A4C7-42C7-BDA3-B2202143B66C}.Debug|iPhoneSimulator.ActiveCfg = Debug|Any CPU
		{F71F1759-A4C7-42C7-BDA3-B2202143B66C}.Debug|iPhoneSimulator.Build.0 = Debug|Any CPU
		{F71F1759-A4C7-42C7-BDA3-B2202143B66C}.Debug|iPhoneSimulator.Deploy.0 = Debug|Any CPU
		{F71F1759-A4C7-42C7-BDA3-B2202143B66C}.Debug|x64.ActiveCfg = Debug|Any CPU
		{F71F1759-A4C7-42C7-BDA3-B2202143B66C}.Debug|x64.Build.0 = Debug|Any CPU
		{F71F1759-A4C7-42C7-BDA3-B2202143B66C}.Debug|x64.Deploy.0 = Debug|Any CPU
		{F71F1759-A4C7-42C7-BDA3-B2202143B66C}.Debug|x86.ActiveCfg = Debug|Any CPU
		{F71F1759-A4C7-42C7-BDA3-B2202143B66C}.Debug|x86.Build.0 = Debug|Any CPU
		{F71F1759-A4C7-42C7-BDA3-B2202143B66C}.Debug|x86.Deploy.0 = Debug|Any CPU
		{F71F1759-A4C7-42C7-BDA3-B2202143B66C}.Release|Any CPU.ActiveCfg = Release|Any CPU
		{F71F1759-A4C7-42C7-BDA3-B2202143B66C}.Release|Any CPU.Build.0 = Release|Any CPU
		{F71F1759-A4C7-42C7-BDA3-B2202143B66C}.Release|Any CPU.Deploy.0 = Release|Any CPU
		{F71F1759-A4C7-42C7-BDA3-B2202143B66C}.Release|ARM.ActiveCfg = Release|Any CPU
		{F71F1759-A4C7-42C7-BDA3-B2202143B66C}.Release|ARM.Build.0 = Release|Any CPU
		{F71F1759-A4C7-42C7-BDA3-B2202143B66C}.Release|ARM.Deploy.0 = Release|Any CPU
		{F71F1759-A4C7-42C7-BDA3-B2202143B66C}.Release|iPhone.ActiveCfg = Release|Any CPU
		{F71F1759-A4C7-42C7-BDA3-B2202143B66C}.Release|iPhone.Build.0 = Release|Any CPU
		{F71F1759-A4C7-42C7-BDA3-B2202143B66C}.Release|iPhone.Deploy.0 = Release|Any CPU
		{F71F1759-A4C7-42C7-BDA3-B2202143B66C}.Release|iPhoneSimulator.ActiveCfg = Release|Any CPU
		{F71F1759-A4C7-42C7-BDA3-B2202143B66C}.Release|iPhoneSimulator.Build.0 = Release|Any CPU
		{F71F1759-A4C7-42C7-BDA3-B2202143B66C}.Release|iPhoneSimulator.Deploy.0 = Release|Any CPU
		{F71F1759-A4C7-42C7-BDA3-B2202143B66C}.Release|x64.ActiveCfg = Release|Any CPU
		{F71F1759-A4C7-42C7-BDA3-B2202143B66C}.Release|x64.Build.0 = Release|Any CPU
		{F71F1759-A4C7-42C7-BDA3-B2202143B66C}.Release|x64.Deploy.0 = Release|Any CPU
		{F71F1759-A4C7-42C7-BDA3-B2202143B66C}.Release|x86.ActiveCfg = Release|Any CPU
		{F71F1759-A4C7-42C7-BDA3-B2202143B66C}.Release|x86.Build.0 = Release|Any CPU
		{F71F1759-A4C7-42C7-BDA3-B2202143B66C}.Release|x86.Deploy.0 = Release|Any CPU
		{0C9F56E7-CBAB-4291-9445-D8F473BD4C75}.Ad-Hoc|Any CPU.ActiveCfg = Ad-Hoc|iPhone
		{0C9F56E7-CBAB-4291-9445-D8F473BD4C75}.Ad-Hoc|Any CPU.Build.0 = Ad-Hoc|iPhone
		{0C9F56E7-CBAB-4291-9445-D8F473BD4C75}.Ad-Hoc|Any CPU.Deploy.0 = Ad-Hoc|iPhone
		{0C9F56E7-CBAB-4291-9445-D8F473BD4C75}.Ad-Hoc|ARM.ActiveCfg = Ad-Hoc|iPhone
		{0C9F56E7-CBAB-4291-9445-D8F473BD4C75}.Ad-Hoc|ARM.Build.0 = Ad-Hoc|iPhone
		{0C9F56E7-CBAB-4291-9445-D8F473BD4C75}.Ad-Hoc|ARM.Deploy.0 = Ad-Hoc|iPhone
		{0C9F56E7-CBAB-4291-9445-D8F473BD4C75}.Ad-Hoc|iPhone.ActiveCfg = Ad-Hoc|iPhone
		{0C9F56E7-CBAB-4291-9445-D8F473BD4C75}.Ad-Hoc|iPhone.Build.0 = Ad-Hoc|iPhone
		{0C9F56E7-CBAB-4291-9445-D8F473BD4C75}.Ad-Hoc|iPhone.Deploy.0 = Ad-Hoc|iPhone
		{0C9F56E7-CBAB-4291-9445-D8F473BD4C75}.Ad-Hoc|iPhoneSimulator.ActiveCfg = Ad-Hoc|iPhoneSimulator
		{0C9F56E7-CBAB-4291-9445-D8F473BD4C75}.Ad-Hoc|iPhoneSimulator.Build.0 = Ad-Hoc|iPhoneSimulator
		{0C9F56E7-CBAB-4291-9445-D8F473BD4C75}.Ad-Hoc|iPhoneSimulator.Deploy.0 = Ad-Hoc|iPhoneSimulator
		{0C9F56E7-CBAB-4291-9445-D8F473BD4C75}.Ad-Hoc|x64.ActiveCfg = Ad-Hoc|iPhone
		{0C9F56E7-CBAB-4291-9445-D8F473BD4C75}.Ad-Hoc|x64.Build.0 = Ad-Hoc|iPhone
		{0C9F56E7-CBAB-4291-9445-D8F473BD4C75}.Ad-Hoc|x64.Deploy.0 = Ad-Hoc|iPhone
		{0C9F56E7-CBAB-4291-9445-D8F473BD4C75}.Ad-Hoc|x86.ActiveCfg = Ad-Hoc|iPhone
		{0C9F56E7-CBAB-4291-9445-D8F473BD4C75}.Ad-Hoc|x86.Build.0 = Ad-Hoc|iPhone
		{0C9F56E7-CBAB-4291-9445-D8F473BD4C75}.Ad-Hoc|x86.Deploy.0 = Ad-Hoc|iPhone
		{0C9F56E7-CBAB-4291-9445-D8F473BD4C75}.AppStore|Any CPU.ActiveCfg = AppStore|iPhone
		{0C9F56E7-CBAB-4291-9445-D8F473BD4C75}.AppStore|Any CPU.Build.0 = AppStore|iPhone
		{0C9F56E7-CBAB-4291-9445-D8F473BD4C75}.AppStore|Any CPU.Deploy.0 = AppStore|iPhone
		{0C9F56E7-CBAB-4291-9445-D8F473BD4C75}.AppStore|ARM.ActiveCfg = AppStore|iPhone
		{0C9F56E7-CBAB-4291-9445-D8F473BD4C75}.AppStore|ARM.Build.0 = AppStore|iPhone
		{0C9F56E7-CBAB-4291-9445-D8F473BD4C75}.AppStore|ARM.Deploy.0 = AppStore|iPhone
		{0C9F56E7-CBAB-4291-9445-D8F473BD4C75}.AppStore|iPhone.ActiveCfg = AppStore|iPhone
		{0C9F56E7-CBAB-4291-9445-D8F473BD4C75}.AppStore|iPhone.Build.0 = AppStore|iPhone
		{0C9F56E7-CBAB-4291-9445-D8F473BD4C75}.AppStore|iPhone.Deploy.0 = AppStore|iPhone
		{0C9F56E7-CBAB-4291-9445-D8F473BD4C75}.AppStore|iPhoneSimulator.ActiveCfg = AppStore|iPhoneSimulator
		{0C9F56E7-CBAB-4291-9445-D8F473BD4C75}.AppStore|iPhoneSimulator.Build.0 = AppStore|iPhoneSimulator
		{0C9F56E7-CBAB-4291-9445-D8F473BD4C75}.AppStore|iPhoneSimulator.Deploy.0 = AppStore|iPhoneSimulator
		{0C9F56E7-CBAB-4291-9445-D8F473BD4C75}.AppStore|x64.ActiveCfg = AppStore|iPhone
		{0C9F56E7-CBAB-4291-9445-D8F473BD4C75}.AppStore|x64.Build.0 = AppStore|iPhone
		{0C9F56E7-CBAB-4291-9445-D8F473BD4C75}.AppStore|x64.Deploy.0 = AppStore|iPhone
		{0C9F56E7-CBAB-4291-9445-D8F473BD4C75}.AppStore|x86.ActiveCfg = AppStore|iPhone
		{0C9F56E7-CBAB-4291-9445-D8F473BD4C75}.AppStore|x86.Build.0 = AppStore|iPhone
		{0C9F56E7-CBAB-4291-9445-D8F473BD4C75}.AppStore|x86.Deploy.0 = AppStore|iPhone
		{0C9F56E7-CBAB-4291-9445-D8F473BD4C75}.Debug|Any CPU.ActiveCfg = Debug|iPhoneSimulator
		{0C9F56E7-CBAB-4291-9445-D8F473BD4C75}.Debug|Any CPU.Build.0 = Debug|iPhoneSimulator
		{0C9F56E7-CBAB-4291-9445-D8F473BD4C75}.Debug|Any CPU.Deploy.0 = Debug|iPhoneSimulator
		{0C9F56E7-CBAB-4291-9445-D8F473BD4C75}.Debug|ARM.ActiveCfg = Debug|iPhone
		{0C9F56E7-CBAB-4291-9445-D8F473BD4C75}.Debug|ARM.Build.0 = Debug|iPhone
		{0C9F56E7-CBAB-4291-9445-D8F473BD4C75}.Debug|ARM.Deploy.0 = Debug|iPhone
		{0C9F56E7-CBAB-4291-9445-D8F473BD4C75}.Debug|iPhone.ActiveCfg = Debug|iPhone
		{0C9F56E7-CBAB-4291-9445-D8F473BD4C75}.Debug|iPhone.Build.0 = Debug|iPhone
		{0C9F56E7-CBAB-4291-9445-D8F473BD4C75}.Debug|iPhone.Deploy.0 = Debug|iPhone
		{0C9F56E7-CBAB-4291-9445-D8F473BD4C75}.Debug|iPhoneSimulator.ActiveCfg = Debug|iPhoneSimulator
		{0C9F56E7-CBAB-4291-9445-D8F473BD4C75}.Debug|iPhoneSimulator.Build.0 = Debug|iPhoneSimulator
		{0C9F56E7-CBAB-4291-9445-D8F473BD4C75}.Debug|iPhoneSimulator.Deploy.0 = Debug|iPhoneSimulator
		{0C9F56E7-CBAB-4291-9445-D8F473BD4C75}.Debug|x64.ActiveCfg = Debug|iPhone
		{0C9F56E7-CBAB-4291-9445-D8F473BD4C75}.Debug|x64.Build.0 = Debug|iPhone
		{0C9F56E7-CBAB-4291-9445-D8F473BD4C75}.Debug|x64.Deploy.0 = Debug|iPhone
		{0C9F56E7-CBAB-4291-9445-D8F473BD4C75}.Debug|x86.ActiveCfg = Debug|iPhone
		{0C9F56E7-CBAB-4291-9445-D8F473BD4C75}.Debug|x86.Build.0 = Debug|iPhone
		{0C9F56E7-CBAB-4291-9445-D8F473BD4C75}.Debug|x86.Deploy.0 = Debug|iPhone
		{0C9F56E7-CBAB-4291-9445-D8F473BD4C75}.Release|Any CPU.ActiveCfg = Release|iPhone
		{0C9F56E7-CBAB-4291-9445-D8F473BD4C75}.Release|Any CPU.Build.0 = Release|iPhone
		{0C9F56E7-CBAB-4291-9445-D8F473BD4C75}.Release|Any CPU.Deploy.0 = Release|iPhone
		{0C9F56E7-CBAB-4291-9445-D8F473BD4C75}.Release|ARM.ActiveCfg = Release|iPhone
		{0C9F56E7-CBAB-4291-9445-D8F473BD4C75}.Release|ARM.Build.0 = Release|iPhone
		{0C9F56E7-CBAB-4291-9445-D8F473BD4C75}.Release|ARM.Deploy.0 = Release|iPhone
		{0C9F56E7-CBAB-4291-9445-D8F473BD4C75}.Release|iPhone.ActiveCfg = Release|iPhone
		{0C9F56E7-CBAB-4291-9445-D8F473BD4C75}.Release|iPhone.Build.0 = Release|iPhone
		{0C9F56E7-CBAB-4291-9445-D8F473BD4C75}.Release|iPhone.Deploy.0 = Release|iPhone
		{0C9F56E7-CBAB-4291-9445-D8F473BD4C75}.Release|iPhoneSimulator.ActiveCfg = Release|iPhoneSimulator
		{0C9F56E7-CBAB-4291-9445-D8F473BD4C75}.Release|iPhoneSimulator.Build.0 = Release|iPhoneSimulator
		{0C9F56E7-CBAB-4291-9445-D8F473BD4C75}.Release|iPhoneSimulator.Deploy.0 = Release|iPhoneSimulator
		{0C9F56E7-CBAB-4291-9445-D8F473BD4C75}.Release|x64.ActiveCfg = Release|iPhone
		{0C9F56E7-CBAB-4291-9445-D8F473BD4C75}.Release|x64.Build.0 = Release|iPhone
		{0C9F56E7-CBAB-4291-9445-D8F473BD4C75}.Release|x64.Deploy.0 = Release|iPhone
		{0C9F56E7-CBAB-4291-9445-D8F473BD4C75}.Release|x86.ActiveCfg = Release|iPhone
		{0C9F56E7-CBAB-4291-9445-D8F473BD4C75}.Release|x86.Build.0 = Release|iPhone
		{0C9F56E7-CBAB-4291-9445-D8F473BD4C75}.Release|x86.Deploy.0 = Release|iPhone
		{C655BECC-E692-4FBC-9802-1E21DBEC8E6B}.Ad-Hoc|Any CPU.ActiveCfg = Release|x86
		{C655BECC-E692-4FBC-9802-1E21DBEC8E6B}.Ad-Hoc|Any CPU.Build.0 = Release|x86
		{C655BECC-E692-4FBC-9802-1E21DBEC8E6B}.Ad-Hoc|Any CPU.Deploy.0 = Release|x86
		{C655BECC-E692-4FBC-9802-1E21DBEC8E6B}.Ad-Hoc|ARM.ActiveCfg = Release|ARM
		{C655BECC-E692-4FBC-9802-1E21DBEC8E6B}.Ad-Hoc|ARM.Build.0 = Release|ARM
		{C655BECC-E692-4FBC-9802-1E21DBEC8E6B}.Ad-Hoc|ARM.Deploy.0 = Release|ARM
		{C655BECC-E692-4FBC-9802-1E21DBEC8E6B}.Ad-Hoc|iPhone.ActiveCfg = Release|x86
		{C655BECC-E692-4FBC-9802-1E21DBEC8E6B}.Ad-Hoc|iPhone.Build.0 = Release|x86
		{C655BECC-E692-4FBC-9802-1E21DBEC8E6B}.Ad-Hoc|iPhone.Deploy.0 = Release|x86
		{C655BECC-E692-4FBC-9802-1E21DBEC8E6B}.Ad-Hoc|iPhoneSimulator.ActiveCfg = Release|x86
		{C655BECC-E692-4FBC-9802-1E21DBEC8E6B}.Ad-Hoc|iPhoneSimulator.Build.0 = Release|x86
		{C655BECC-E692-4FBC-9802-1E21DBEC8E6B}.Ad-Hoc|iPhoneSimulator.Deploy.0 = Release|x86
		{C655BECC-E692-4FBC-9802-1E21DBEC8E6B}.Ad-Hoc|x64.ActiveCfg = Release|x64
		{C655BECC-E692-4FBC-9802-1E21DBEC8E6B}.Ad-Hoc|x64.Build.0 = Release|x64
		{C655BECC-E692-4FBC-9802-1E21DBEC8E6B}.Ad-Hoc|x64.Deploy.0 = Release|x64
		{C655BECC-E692-4FBC-9802-1E21DBEC8E6B}.Ad-Hoc|x86.ActiveCfg = Release|x86
		{C655BECC-E692-4FBC-9802-1E21DBEC8E6B}.Ad-Hoc|x86.Build.0 = Release|x86
		{C655BECC-E692-4FBC-9802-1E21DBEC8E6B}.Ad-Hoc|x86.Deploy.0 = Release|x86
		{C655BECC-E692-4FBC-9802-1E21DBEC8E6B}.AppStore|Any CPU.ActiveCfg = Release|x86
		{C655BECC-E692-4FBC-9802-1E21DBEC8E6B}.AppStore|Any CPU.Build.0 = Release|x86
		{C655BECC-E692-4FBC-9802-1E21DBEC8E6B}.AppStore|Any CPU.Deploy.0 = Release|x86
		{C655BECC-E692-4FBC-9802-1E21DBEC8E6B}.AppStore|ARM.ActiveCfg = Release|ARM
		{C655BECC-E692-4FBC-9802-1E21DBEC8E6B}.AppStore|ARM.Build.0 = Release|ARM
		{C655BECC-E692-4FBC-9802-1E21DBEC8E6B}.AppStore|ARM.Deploy.0 = Release|ARM
		{C655BECC-E692-4FBC-9802-1E21DBEC8E6B}.AppStore|iPhone.ActiveCfg = Release|x86
		{C655BECC-E692-4FBC-9802-1E21DBEC8E6B}.AppStore|iPhone.Build.0 = Release|x86
		{C655BECC-E692-4FBC-9802-1E21DBEC8E6B}.AppStore|iPhone.Deploy.0 = Release|x86
		{C655BECC-E692-4FBC-9802-1E21DBEC8E6B}.AppStore|iPhoneSimulator.ActiveCfg = Release|x86
		{C655BECC-E692-4FBC-9802-1E21DBEC8E6B}.AppStore|iPhoneSimulator.Build.0 = Release|x86
		{C655BECC-E692-4FBC-9802-1E21DBEC8E6B}.AppStore|iPhoneSimulator.Deploy.0 = Release|x86
		{C655BECC-E692-4FBC-9802-1E21DBEC8E6B}.AppStore|x64.ActiveCfg = Release|x64
		{C655BECC-E692-4FBC-9802-1E21DBEC8E6B}.AppStore|x64.Build.0 = Release|x64
		{C655BECC-E692-4FBC-9802-1E21DBEC8E6B}.AppStore|x64.Deploy.0 = Release|x64
		{C655BECC-E692-4FBC-9802-1E21DBEC8E6B}.AppStore|x86.ActiveCfg = Release|x86
		{C655BECC-E692-4FBC-9802-1E21DBEC8E6B}.AppStore|x86.Build.0 = Release|x86
		{C655BECC-E692-4FBC-9802-1E21DBEC8E6B}.AppStore|x86.Deploy.0 = Release|x86
		{C655BECC-E692-4FBC-9802-1E21DBEC8E6B}.Debug|Any CPU.ActiveCfg = Debug|x86
		{C655BECC-E692-4FBC-9802-1E21DBEC8E6B}.Debug|Any CPU.Build.0 = Debug|x86
		{C655BECC-E692-4FBC-9802-1E21DBEC8E6B}.Debug|Any CPU.Deploy.0 = Debug|x86
		{C655BECC-E692-4FBC-9802-1E21DBEC8E6B}.Debug|ARM.ActiveCfg = Debug|ARM
		{C655BECC-E692-4FBC-9802-1E21DBEC8E6B}.Debug|ARM.Build.0 = Debug|ARM
		{C655BECC-E692-4FBC-9802-1E21DBEC8E6B}.Debug|ARM.Deploy.0 = Debug|ARM
		{C655BECC-E692-4FBC-9802-1E21DBEC8E6B}.Debug|iPhone.ActiveCfg = Debug|x86
		{C655BECC-E692-4FBC-9802-1E21DBEC8E6B}.Debug|iPhone.Build.0 = Debug|x86
		{C655BECC-E692-4FBC-9802-1E21DBEC8E6B}.Debug|iPhone.Deploy.0 = Debug|x86
		{C655BECC-E692-4FBC-9802-1E21DBEC8E6B}.Debug|iPhoneSimulator.ActiveCfg = Debug|x86
		{C655BECC-E692-4FBC-9802-1E21DBEC8E6B}.Debug|iPhoneSimulator.Build.0 = Debug|x86
		{C655BECC-E692-4FBC-9802-1E21DBEC8E6B}.Debug|iPhoneSimulator.Deploy.0 = Debug|x86
		{C655BECC-E692-4FBC-9802-1E21DBEC8E6B}.Debug|x64.ActiveCfg = Debug|x64
		{C655BECC-E692-4FBC-9802-1E21DBEC8E6B}.Debug|x64.Build.0 = Debug|x64
		{C655BECC-E692-4FBC-9802-1E21DBEC8E6B}.Debug|x64.Deploy.0 = Debug|x64
		{C655BECC-E692-4FBC-9802-1E21DBEC8E6B}.Debug|x86.ActiveCfg = Debug|x86
		{C655BECC-E692-4FBC-9802-1E21DBEC8E6B}.Debug|x86.Build.0 = Debug|x86
		{C655BECC-E692-4FBC-9802-1E21DBEC8E6B}.Debug|x86.Deploy.0 = Debug|x86
		{C655BECC-E692-4FBC-9802-1E21DBEC8E6B}.Release|Any CPU.ActiveCfg = Release|x86
		{C655BECC-E692-4FBC-9802-1E21DBEC8E6B}.Release|Any CPU.Build.0 = Release|x86
		{C655BECC-E692-4FBC-9802-1E21DBEC8E6B}.Release|Any CPU.Deploy.0 = Release|x86
		{C655BECC-E692-4FBC-9802-1E21DBEC8E6B}.Release|ARM.ActiveCfg = Release|ARM
		{C655BECC-E692-4FBC-9802-1E21DBEC8E6B}.Release|ARM.Build.0 = Release|ARM
		{C655BECC-E692-4FBC-9802-1E21DBEC8E6B}.Release|ARM.Deploy.0 = Release|ARM
		{C655BECC-E692-4FBC-9802-1E21DBEC8E6B}.Release|iPhone.ActiveCfg = Release|x86
		{C655BECC-E692-4FBC-9802-1E21DBEC8E6B}.Release|iPhone.Build.0 = Release|x86
		{C655BECC-E692-4FBC-9802-1E21DBEC8E6B}.Release|iPhone.Deploy.0 = Release|x86
		{C655BECC-E692-4FBC-9802-1E21DBEC8E6B}.Release|iPhoneSimulator.ActiveCfg = Release|x86
		{C655BECC-E692-4FBC-9802-1E21DBEC8E6B}.Release|iPhoneSimulator.Build.0 = Release|x86
		{C655BECC-E692-4FBC-9802-1E21DBEC8E6B}.Release|iPhoneSimulator.Deploy.0 = Release|x86
		{C655BECC-E692-4FBC-9802-1E21DBEC8E6B}.Release|x64.ActiveCfg = Release|x64
		{C655BECC-E692-4FBC-9802-1E21DBEC8E6B}.Release|x64.Build.0 = Release|x64
		{C655BECC-E692-4FBC-9802-1E21DBEC8E6B}.Release|x64.Deploy.0 = Release|x64
		{C655BECC-E692-4FBC-9802-1E21DBEC8E6B}.Release|x86.ActiveCfg = Release|x86
		{C655BECC-E692-4FBC-9802-1E21DBEC8E6B}.Release|x86.Build.0 = Release|x86
		{C655BECC-E692-4FBC-9802-1E21DBEC8E6B}.Release|x86.Deploy.0 = Release|x86
	EndGlobalSection
	GlobalSection(SolutionProperties) = preSolution
		HideSolutionNode = FALSE
	EndGlobalSection
	GlobalSection(ExtensibilityGlobals) = postSolution
		SolutionGuid = {265E03C4-3EE0-4545-A686-7F0B1C9B7B2F}
	EndGlobalSection
EndGlobal
